
Microsoft Visual Studio Solution File, Format Version 12.00
# Visual Studio Version 17
VisualStudioVersion = 17.6.33801.468
MinimumVisualStudioVersion = 10.0.40219.1
Project("{FAE04EC0-301F-11D3-BF4B-00C04F79EFBC}") = "TicketTorch.APIGateway", "TicketTorch.APIGateway\TicketTorch.APIGateway.csproj", "{9B700472-ED89-4495-93C4-CAA802A32B01}"
EndProject
Project("{FAE04EC0-301F-11D3-BF4B-00C04F79EFBC}") = "TicketTorch.Common", "TicketTorch.Common\TicketTorch.Common.csproj", "{A95438B0-6994-4A51-929A-EEA692FB92D4}"
EndProject
Global
	GlobalSection(SolutionConfigurationPlatforms) = preSolution
		Debug|Any CPU = Debug|Any CPU
		Release|Any CPU = Release|Any CPU
	EndGlobalSection
	GlobalSection(ProjectConfigurationPlatforms) = postSolution
		{9B700472-ED89-4495-93C4-CAA802A32B01}.Debug|Any CPU.ActiveCfg = Debug|Any CPU
		{9B700472-ED89-4495-93C4-CAA802A32B01}.Debug|Any CPU.Build.0 = Debug|Any CPU
		{9B700472-ED89-4495-93C4-CAA802A32B01}.Release|Any CPU.ActiveCfg = Release|Any CPU
		{9B700472-ED89-4495-93C4-CAA802A32B01}.Release|Any CPU.Build.0 = Release|Any CPU
		{A95438B0-6994-4A51-929A-EEA692FB92D4}.Debug|Any CPU.ActiveCfg = Debug|Any CPU
		{A95438B0-6994-4A51-929A-EEA692FB92D4}.Debug|Any CPU.Build.0 = Debug|Any CPU
		{A95438B0-6994-4A51-929A-EEA692FB92D4}.Release|Any CPU.ActiveCfg = Release|Any CPU
		{A95438B0-6994-4A51-929A-EEA692FB92D4}.Release|Any CPU.Build.0 = Release|Any CPU
	EndGlobalSection
	GlobalSection(SolutionProperties) = preSolution
		HideSolutionNode = FALSE
	EndGlobalSection
	GlobalSection(ExtensibilityGlobals) = postSolution
		SolutionGuid = {77A8744A-FBBA-4C8E-9813-E4ED2FB1CB56}
	EndGlobalSection
EndGlobal
